
Microsoft Visual Studio Solution File, Format Version 12.00
# Visual Studio Version 17
VisualStudioVersion = 17.14.36109.1
MinimumVisualStudioVersion = 10.0.40219.1
Project("{FAE04EC0-301F-11D3-BF4B-00C04F79EFBC}") = "MoviesApi", "movies-api\MoviesApi.csproj", "{DABCDD70-503A-453C-8397-D233B261ED2E}"
EndProject
Project("{FAE04EC0-301F-11D3-BF4B-00C04F79EFBC}") = "MoviesApi.Tests", "MoviesApi.Tests\MoviesApi.Tests.csproj", "{2353C34E-0F89-4E84-AD93-41FEF82F1EC4}"
EndProject
Project("{2150E333-8FDC-42A3-9474-1A3956D46DE8}") = "Solution Items", "Solution Items", "{8EC462FD-D22E-90A8-E5CE-7E832BA40C5D}"
	ProjectSection(SolutionItems) = preProject
		Readme.md = Readme.md
	EndProjectSection
EndProject
Global
	GlobalSection(SolutionConfigurationPlatforms) = preSolution
		Debug|Any CPU = Debug|Any CPU
		Release|Any CPU = Release|Any CPU
	EndGlobalSection
	GlobalSection(ProjectConfigurationPlatforms) = postSolution
		{DABCDD70-503A-453C-8397-D233B261ED2E}.Debug|Any CPU.ActiveCfg = Debug|Any CPU
		{DABCDD70-503A-453C-8397-D233B261ED2E}.Debug|Any CPU.Build.0 = Debug|Any CPU
		{DABCDD70-503A-453C-8397-D233B261ED2E}.Release|Any CPU.ActiveCfg = Release|Any CPU
		{DABCDD70-503A-453C-8397-D233B261ED2E}.Release|Any CPU.Build.0 = Release|Any CPU
		{2353C34E-0F89-4E84-AD93-41FEF82F1EC4}.Debug|Any CPU.ActiveCfg = Debug|Any CPU
		{2353C34E-0F89-4E84-AD93-41FEF82F1EC4}.Debug|Any CPU.Build.0 = Debug|Any CPU
		{2353C34E-0F89-4E84-AD93-41FEF82F1EC4}.Release|Any CPU.ActiveCfg = Release|Any CPU
		{2353C34E-0F89-4E84-AD93-41FEF82F1EC4}.Release|Any CPU.Build.0 = Release|Any CPU
	EndGlobalSection
	GlobalSection(SolutionProperties) = preSolution
		HideSolutionNode = FALSE
	EndGlobalSection
	GlobalSection(ExtensibilityGlobals) = postSolution
		SolutionGuid = {7E3B083F-3B11-4226-B9D2-AEAAFC1450A2}
	EndGlobalSection
EndGlobal
